# This file is automatically @generated by Cargo.
# It is not intended for manual editing.
[[package]]
name = "ruspiro-boot"
version = "0.0.3"
source = "registry+https://github.com/rust-lang/crates.io-index"

[[package]]
name = "ruspiro-kernel"
version = "0.0.3"
dependencies = [
 "ruspiro-boot 0.0.3 (registry+https://github.com/rust-lang/crates.io-index)",
]

[metadata]
"checksum ruspiro-boot 0.0.3 (registry+https://github.com/rust-lang/crates.io-index)" = "63c546003c223a35efc9e5a3b563524b0bc4886f42b5c1b5036e69b037ec562c"
